Microsoft Visual Studio Solution File, Format Version 12.00
# Visual Studio Version 17
VisualStudioVersion = 17.5.2.0
MinimumVisualStudioVersion = 10.0.40219.1
Project("{FAE04EC0-301F-11D3-BF4B-00C04F79EFBC}") = "DroneDeliverySimulator", "DroneDeliverySimulator\DroneDeliverySimulator.csproj", "{5A8C5A73-DFF6-1C78-EA38-7F843CD41568}"
EndProject
Project("{FAE04EC0-301F-11D3-BF4B-00C04F79EFBC}") = "DroneDeliverySimulator.Tests", "DroneDeliverySimulator.Tests\DroneDeliverySimulator.Tests.csproj", "{55082CE2-71F0-9863-42CF-2B744D6F6D10}"
EndProject
Global
	GlobalSection(SolutionConfigurationPlatforms) = preSolution
		Debug|Any CPU = Debug|Any CPU
		Release|Any CPU = Release|Any CPU
	EndGlobalSection
	GlobalSection(ProjectConfigurationPlatforms) = postSolution
		{5A8C5A73-DFF6-1C78-EA38-7F843CD41568}.Debug|Any CPU.ActiveCfg = Debug|Any CPU
		{5A8C5A73-DFF6-1C78-EA38-7F843CD41568}.Debug|Any CPU.Build.0 = Debug|Any CPU
		{5A8C5A73-DFF6-1C78-EA38-7F843CD41568}.Release|Any CPU.ActiveCfg = Release|Any CPU
		{5A8C5A73-DFF6-1C78-EA38-7F843CD41568}.Release|Any CPU.Build.0 = Release|Any CPU
		{55082CE2-71F0-9863-42CF-2B744D6F6D10}.Debug|Any CPU.ActiveCfg = Debug|Any CPU
		{55082CE2-71F0-9863-42CF-2B744D6F6D10}.Debug|Any CPU.Build.0 = Debug|Any CPU
		{55082CE2-71F0-9863-42CF-2B744D6F6D10}.Release|Any CPU.ActiveCfg = Release|Any CPU
		{55082CE2-71F0-9863-42CF-2B744D6F6D10}.Release|Any CPU.Build.0 = Release|Any CPU
	EndGlobalSection
	GlobalSection(SolutionProperties) = preSolution
		HideSolutionNode = FALSE
	EndGlobalSection
	GlobalSection(ExtensibilityGlobals) = postSolution
		SolutionGuid = {34773603-E94B-4BA7-80CB-342C3EB1164D}
	EndGlobalSection
EndGlobal
