Microsoft Visual Studio Solution File, Format Version 12.00
# Visual Studio Version 17
VisualStudioVersion = 17.5.2.0
MinimumVisualStudioVersion = 10.0.40219.1
Project("{FAE04EC0-301F-11D3-BF4B-00C04F79EFBC}") = "DroneDeliverySimulator", "DroneDeliverySimulator\DroneDeliverySimulator.csproj", "{5A8C5A73-DFF6-1C78-EA38-7F843CD41568}"
EndProject
Global
	GlobalSection(SolutionConfigurationPlatforms) = preSolution
		Debug|Any CPU = Debug|Any CPU
		Release|Any CPU = Release|Any CPU
	EndGlobalSection
	GlobalSection(ProjectConfigurationPlatforms) = postSolution
		{5A8C5A73-DFF6-1C78-EA38-7F843CD41568}.Debug|Any CPU.ActiveCfg = Debug|Any CPU
		{5A8C5A73-DFF6-1C78-EA38-7F843CD41568}.Debug|Any CPU.Build.0 = Debug|Any CPU
		{5A8C5A73-DFF6-1C78-EA38-7F843CD41568}.Release|Any CPU.ActiveCfg = Release|Any CPU
		{5A8C5A73-DFF6-1C78-EA38-7F843CD41568}.Release|Any CPU.Build.0 = Release|Any CPU
	EndGlobalSection
	GlobalSection(SolutionProperties) = preSolution
		HideSolutionNode = FALSE
	EndGlobalSection
	GlobalSection(ExtensibilityGlobals) = postSolution
		SolutionGuid = {E1496E09-2014-42A2-B022-BAC2D6169105}
	EndGlobalSection
EndGlobal
